
Microsoft Visual Studio Solution File, Format Version 12.00
# Visual Studio Version 16
VisualStudioVersion = 16.0.30523.141
MinimumVisualStudioVersion = 10.0.40219.1
Project("{FAE04EC0-301F-11D3-BF4B-00C04F79EFBC}") = "DSCC_CW1_7072_WEB", "DSCC_CW1_7072_WEB\DSCC_CW1_7072_WEB.csproj", "{8C61895E-6E6C-4A5D-B40E-A8FFB7025760}"
EndProject
Global
	GlobalSection(SolutionConfigurationPlatforms) = preSolution
		Debug|Any CPU = Debug|Any CPU
		Release|Any CPU = Release|Any CPU
	EndGlobalSection
	GlobalSection(ProjectConfigurationPlatforms) = postSolution
		{8C61895E-6E6C-4A5D-B40E-A8FFB7025760}.Debug|Any CPU.ActiveCfg = Debug|Any CPU
		{8C61895E-6E6C-4A5D-B40E-A8FFB7025760}.Debug|Any CPU.Build.0 = Debug|Any CPU
		{8C61895E-6E6C-4A5D-B40E-A8FFB7025760}.Release|Any CPU.ActiveCfg = Release|Any CPU
		{8C61895E-6E6C-4A5D-B40E-A8FFB7025760}.Release|Any CPU.Build.0 = Release|Any CPU
	EndGlobalSection
	GlobalSection(SolutionProperties) = preSolution
		HideSolutionNode = FALSE
	EndGlobalSection
	GlobalSection(ExtensibilityGlobals) = postSolution
		SolutionGuid = {40F7C3B0-3334-4691-9A3B-65C17AC63AD2}
	EndGlobalSection
EndGlobal
